{
  "name": "affordtest",
  "version": "1.0.0",
  "lockfileVersion": 3,
  "requires": true,
  "packages": {
    "": {
      "name": "affordtest",
      "version": "1.0.0",
      "license": "ISC",
      "dependencies": {
        "afford": "^0.0.1"
      }
    },
    "node_modules/afford": {
      "version": "0.0.1",
      "resolved": "https://registry.npmjs.org/afford/-/afford-0.0.1.tgz",
      "integrity": "sha512-wltRCISFkOIWneA4U8Ok5WWMVvUZt86u/4+WP/9YMWsqj78ZuKA2pJdgtqXVf5egztZGAPubt7nebPwSwNt6KQ==",
      "license": "ISC"
    }
  }
}
